
Microsoft Visual Studio Solution File, Format Version 12.00
# Visual Studio Version 17
VisualStudioVersion = 17.0.31903.59
MinimumVisualStudioVersion = 10.0.40219.1
Project("{9A19103F-16F7-4668-BE54-9A1E7A4F7556}") = "ESourcing.Products", "ESourcing.Products\ESourcing.Products.csproj", "{61021447-F7C0-4D62-A6F2-AD80F20A6FC7}"
EndProject
Project("{2150E333-8FDC-42A3-9474-1A3956D46DE8}") = "Products", "Products", "{F5D4B95F-3283-445B-8308-03A4585A3FC2}"
EndProject
Project("{2150E333-8FDC-42A3-9474-1A3956D46DE8}") = "src", "src", "{CC024D9C-A68F-4E50-91D8-1A001D9E9FCD}"
EndProject
Project("{2150E333-8FDC-42A3-9474-1A3956D46DE8}") = "ApiGateway", "ApiGateway", "{AF841AA6-1C28-46DA-83BC-1D4F2B551045}"
EndProject
Project("{2150E333-8FDC-42A3-9474-1A3956D46DE8}") = "Services", "Services", "{6015A117-95E8-49B7-A386-3639FB75FD0C}"
EndProject
Project("{2150E333-8FDC-42A3-9474-1A3956D46DE8}") = "WebApp", "WebApp", "{72F02CD4-9ACE-414C-ABF7-7F324E3C1644}"
EndProject
Project("{2150E333-8FDC-42A3-9474-1A3956D46DE8}") = "Common", "Common", "{55067FC7-6F01-4936-8573-0D0594A4E54B}"
EndProject
Project("{2150E333-8FDC-42A3-9474-1A3956D46DE8}") = "Order", "Order", "{08FC43C0-D210-4190-B4C3-611510870A00}"
EndProject
Project("{2150E333-8FDC-42A3-9474-1A3956D46DE8}") = "Sourcing", "Sourcing", "{6FAB85BF-D6EF-457E-A40F-D0CF521D7A50}"
EndProject
Project("{E53339B2-1760-4266-BCC7-CA923CBCF16C}") = "docker-compose", "docker-compose.dcproj", "{3698725D-3E68-4F85-B1CA-68CB208C1835}"
EndProject
Project("{9A19103F-16F7-4668-BE54-9A1E7A4F7556}") = "ESourcing.Sourcing", "ESourcing.Sourcing\ESourcing.Sourcing.csproj", "{ED7EF881-7C98-4269-A94E-B0351440BB8F}"
EndProject
Project("{9A19103F-16F7-4668-BE54-9A1E7A4F7556}") = "EventBusRabbitMQ", "EventBusRabbitMQ\EventBusRabbitMQ.csproj", "{B4961147-1FFE-4B8D-B274-B7DA23C19573}"
EndProject
Project("{9A19103F-16F7-4668-BE54-9A1E7A4F7556}") = "ESourcing.Order", "ESourcing.Order\ESourcing.Order.csproj", "{574E0C1D-FE6E-4786-ACF4-845A0DA2F7BC}"
EndProject
Project("{9A19103F-16F7-4668-BE54-9A1E7A4F7556}") = "Ordering.Domain", "Ordering.Domain\Ordering.Domain.csproj", "{A71E05ED-04D3-4ACC-B771-1A5732441625}"
EndProject
Project("{9A19103F-16F7-4668-BE54-9A1E7A4F7556}") = "Ordering.Application", "Ordering.Application\Ordering.Application.csproj", "{BDD7B1AB-812F-466D-8AC8-86F3BE52EA48}"
EndProject
Project("{9A19103F-16F7-4668-BE54-9A1E7A4F7556}") = "Ordering.Insfrastructure", "Order.Insfrastructure\Ordering.Insfrastructure.csproj", "{1B96B42C-5EE0-4ECB-A179-045EDFEBA71A}"
EndProject
Global
	GlobalSection(SolutionConfigurationPlatforms) = preSolution
		Debug|Any CPU = Debug|Any CPU
		Release|Any CPU = Release|Any CPU
	EndGlobalSection
	GlobalSection(ProjectConfigurationPlatforms) = postSolution
		{61021447-F7C0-4D62-A6F2-AD80F20A6FC7}.Debug|Any CPU.ActiveCfg = Debug|Any CPU
		{61021447-F7C0-4D62-A6F2-AD80F20A6FC7}.Debug|Any CPU.Build.0 = Debug|Any CPU
		{61021447-F7C0-4D62-A6F2-AD80F20A6FC7}.Release|Any CPU.ActiveCfg = Release|Any CPU
		{61021447-F7C0-4D62-A6F2-AD80F20A6FC7}.Release|Any CPU.Build.0 = Release|Any CPU
		{3698725D-3E68-4F85-B1CA-68CB208C1835}.Debug|Any CPU.ActiveCfg = Debug|Any CPU
		{3698725D-3E68-4F85-B1CA-68CB208C1835}.Debug|Any CPU.Build.0 = Debug|Any CPU
		{3698725D-3E68-4F85-B1CA-68CB208C1835}.Release|Any CPU.ActiveCfg = Release|Any CPU
		{3698725D-3E68-4F85-B1CA-68CB208C1835}.Release|Any CPU.Build.0 = Release|Any CPU
		{ED7EF881-7C98-4269-A94E-B0351440BB8F}.Debug|Any CPU.ActiveCfg = Debug|Any CPU
		{ED7EF881-7C98-4269-A94E-B0351440BB8F}.Debug|Any CPU.Build.0 = Debug|Any CPU
		{ED7EF881-7C98-4269-A94E-B0351440BB8F}.Release|Any CPU.ActiveCfg = Release|Any CPU
		{ED7EF881-7C98-4269-A94E-B0351440BB8F}.Release|Any CPU.Build.0 = Release|Any CPU
		{B4961147-1FFE-4B8D-B274-B7DA23C19573}.Debug|Any CPU.ActiveCfg = Debug|Any CPU
		{B4961147-1FFE-4B8D-B274-B7DA23C19573}.Debug|Any CPU.Build.0 = Debug|Any CPU
		{B4961147-1FFE-4B8D-B274-B7DA23C19573}.Release|Any CPU.ActiveCfg = Release|Any CPU
		{B4961147-1FFE-4B8D-B274-B7DA23C19573}.Release|Any CPU.Build.0 = Release|Any CPU
		{574E0C1D-FE6E-4786-ACF4-845A0DA2F7BC}.Debug|Any CPU.ActiveCfg = Debug|Any CPU
		{574E0C1D-FE6E-4786-ACF4-845A0DA2F7BC}.Debug|Any CPU.Build.0 = Debug|Any CPU
		{574E0C1D-FE6E-4786-ACF4-845A0DA2F7BC}.Release|Any CPU.ActiveCfg = Release|Any CPU
		{574E0C1D-FE6E-4786-ACF4-845A0DA2F7BC}.Release|Any CPU.Build.0 = Release|Any CPU
		{A71E05ED-04D3-4ACC-B771-1A5732441625}.Debug|Any CPU.ActiveCfg = Debug|Any CPU
		{A71E05ED-04D3-4ACC-B771-1A5732441625}.Debug|Any CPU.Build.0 = Debug|Any CPU
		{A71E05ED-04D3-4ACC-B771-1A5732441625}.Release|Any CPU.ActiveCfg = Release|Any CPU
		{A71E05ED-04D3-4ACC-B771-1A5732441625}.Release|Any CPU.Build.0 = Release|Any CPU
		{BDD7B1AB-812F-466D-8AC8-86F3BE52EA48}.Debug|Any CPU.ActiveCfg = Debug|Any CPU
		{BDD7B1AB-812F-466D-8AC8-86F3BE52EA48}.Debug|Any CPU.Build.0 = Debug|Any CPU
		{BDD7B1AB-812F-466D-8AC8-86F3BE52EA48}.Release|Any CPU.ActiveCfg = Release|Any CPU
		{BDD7B1AB-812F-466D-8AC8-86F3BE52EA48}.Release|Any CPU.Build.0 = Release|Any CPU
		{1B96B42C-5EE0-4ECB-A179-045EDFEBA71A}.Debug|Any CPU.ActiveCfg = Debug|Any CPU
		{1B96B42C-5EE0-4ECB-A179-045EDFEBA71A}.Debug|Any CPU.Build.0 = Debug|Any CPU
		{1B96B42C-5EE0-4ECB-A179-045EDFEBA71A}.Release|Any CPU.ActiveCfg = Release|Any CPU
		{1B96B42C-5EE0-4ECB-A179-045EDFEBA71A}.Release|Any CPU.Build.0 = Release|Any CPU
	EndGlobalSection
	GlobalSection(SolutionProperties) = preSolution
		HideSolutionNode = FALSE
	EndGlobalSection
	GlobalSection(NestedProjects) = preSolution
		{61021447-F7C0-4D62-A6F2-AD80F20A6FC7} = {F5D4B95F-3283-445B-8308-03A4585A3FC2}
		{F5D4B95F-3283-445B-8308-03A4585A3FC2} = {6015A117-95E8-49B7-A386-3639FB75FD0C}
		{AF841AA6-1C28-46DA-83BC-1D4F2B551045} = {CC024D9C-A68F-4E50-91D8-1A001D9E9FCD}
		{6015A117-95E8-49B7-A386-3639FB75FD0C} = {CC024D9C-A68F-4E50-91D8-1A001D9E9FCD}
		{72F02CD4-9ACE-414C-ABF7-7F324E3C1644} = {CC024D9C-A68F-4E50-91D8-1A001D9E9FCD}
		{55067FC7-6F01-4936-8573-0D0594A4E54B} = {6015A117-95E8-49B7-A386-3639FB75FD0C}
		{08FC43C0-D210-4190-B4C3-611510870A00} = {6015A117-95E8-49B7-A386-3639FB75FD0C}
		{6FAB85BF-D6EF-457E-A40F-D0CF521D7A50} = {6015A117-95E8-49B7-A386-3639FB75FD0C}
		{ED7EF881-7C98-4269-A94E-B0351440BB8F} = {6FAB85BF-D6EF-457E-A40F-D0CF521D7A50}
		{B4961147-1FFE-4B8D-B274-B7DA23C19573} = {55067FC7-6F01-4936-8573-0D0594A4E54B}
		{574E0C1D-FE6E-4786-ACF4-845A0DA2F7BC} = {08FC43C0-D210-4190-B4C3-611510870A00}
		{A71E05ED-04D3-4ACC-B771-1A5732441625} = {08FC43C0-D210-4190-B4C3-611510870A00}
		{BDD7B1AB-812F-466D-8AC8-86F3BE52EA48} = {08FC43C0-D210-4190-B4C3-611510870A00}
		{1B96B42C-5EE0-4ECB-A179-045EDFEBA71A} = {08FC43C0-D210-4190-B4C3-611510870A00}
	EndGlobalSection
	GlobalSection(ExtensibilityGlobals) = postSolution
		SolutionGuid = {C246BBC1-0536-452E-AD5D-B2ABCE8223AA}
	EndGlobalSection
EndGlobal
